
Microsoft Visual Studio Solution File, Format Version 12.00
# Visual Studio 15
VisualStudioVersion = 15.0.26020.0
MinimumVisualStudioVersion = 10.0.40219.1
Project("{FAE04EC0-301F-11D3-BF4B-00C04F79EFBC}") = "OOP_Review_2017_1", "OOP_Review_2017_1\OOP_Review_2017_1.csproj", "{C9791F53-46DF-4084-A942-F210991DACB4}"
EndProject
Project("{FAE04EC0-301F-11D3-BF4B-00C04F79EFBC}") = "OOP_Review_2017_2", "OOP_Review_2017_2\OOP_Review_2017_2.csproj", "{DAC10132-9260-4EBE-81E8-88591A8A408D}"
EndProject
Project("{FAE04EC0-301F-11D3-BF4B-00C04F79EFBC}") = "OOP_Review_2017_3", "OOP_Review_2017_3\OOP_Review_2017_3.csproj", "{82410320-B80C-40C7-B9CE-AA8958134973}"
EndProject
Project("{FAE04EC0-301F-11D3-BF4B-00C04F79EFBC}") = "OOP_Review_2017_4", "OOP_Review_2017_4\OOP_Review_2017_4.csproj", "{D967216D-008C-46C4-85B5-E53E41569C3C}"
EndProject
Project("{FAE04EC0-301F-11D3-BF4B-00C04F79EFBC}") = "UnitTestProject1", "UnitTestProject1\UnitTestProject1.csproj", "{87B7D680-E2AA-4123-AB08-601F9FB51BB9}"
EndProject
Project("{FAE04EC0-301F-11D3-BF4B-00C04F79EFBC}") = "OOP_Review_2017_5_6", "OOP_Review_2017_5\OOP_Review_2017_5_6.csproj", "{1DE4C5FD-C46B-4400-8C1B-72AC23658DF9}"
EndProject
Project("{FAE04EC0-301F-11D3-BF4B-00C04F79EFBC}") = "OOP_Review_2017_7", "OOP_Review_2017_7\OOP_Review_2017_7.csproj", "{FEA1D225-8D25-4CC8-A7C5-B556B8928630}"
EndProject
Global
	GlobalSection(SolutionConfigurationPlatforms) = preSolution
		Debug|Any CPU = Debug|Any CPU
		Release|Any CPU = Release|Any CPU
	EndGlobalSection
	GlobalSection(ProjectConfigurationPlatforms) = postSolution
		{C9791F53-46DF-4084-A942-F210991DACB4}.Debug|Any CPU.ActiveCfg = Debug|Any CPU
		{C9791F53-46DF-4084-A942-F210991DACB4}.Debug|Any CPU.Build.0 = Debug|Any CPU
		{C9791F53-46DF-4084-A942-F210991DACB4}.Release|Any CPU.ActiveCfg = Release|Any CPU
		{C9791F53-46DF-4084-A942-F210991DACB4}.Release|Any CPU.Build.0 = Release|Any CPU
		{DAC10132-9260-4EBE-81E8-88591A8A408D}.Debug|Any CPU.ActiveCfg = Debug|Any CPU
		{DAC10132-9260-4EBE-81E8-88591A8A408D}.Debug|Any CPU.Build.0 = Debug|Any CPU
		{DAC10132-9260-4EBE-81E8-88591A8A408D}.Release|Any CPU.ActiveCfg = Release|Any CPU
		{DAC10132-9260-4EBE-81E8-88591A8A408D}.Release|Any CPU.Build.0 = Release|Any CPU
		{82410320-B80C-40C7-B9CE-AA8958134973}.Debug|Any CPU.ActiveCfg = Debug|Any CPU
		{82410320-B80C-40C7-B9CE-AA8958134973}.Debug|Any CPU.Build.0 = Debug|Any CPU
		{82410320-B80C-40C7-B9CE-AA8958134973}.Release|Any CPU.ActiveCfg = Release|Any CPU
		{82410320-B80C-40C7-B9CE-AA8958134973}.Release|Any CPU.Build.0 = Release|Any CPU
		{D967216D-008C-46C4-85B5-E53E41569C3C}.Debug|Any CPU.ActiveCfg = Debug|Any CPU
		{D967216D-008C-46C4-85B5-E53E41569C3C}.Debug|Any CPU.Build.0 = Debug|Any CPU
		{D967216D-008C-46C4-85B5-E53E41569C3C}.Release|Any CPU.ActiveCfg = Release|Any CPU
		{D967216D-008C-46C4-85B5-E53E41569C3C}.Release|Any CPU.Build.0 = Release|Any CPU
		{87B7D680-E2AA-4123-AB08-601F9FB51BB9}.Debug|Any CPU.ActiveCfg = Debug|Any CPU
		{87B7D680-E2AA-4123-AB08-601F9FB51BB9}.Debug|Any CPU.Build.0 = Debug|Any CPU
		{87B7D680-E2AA-4123-AB08-601F9FB51BB9}.Release|Any CPU.ActiveCfg = Release|Any CPU
		{87B7D680-E2AA-4123-AB08-601F9FB51BB9}.Release|Any CPU.Build.0 = Release|Any CPU
		{1DE4C5FD-C46B-4400-8C1B-72AC23658DF9}.Debug|Any CPU.ActiveCfg = Debug|Any CPU
		{1DE4C5FD-C46B-4400-8C1B-72AC23658DF9}.Debug|Any CPU.Build.0 = Debug|Any CPU
		{1DE4C5FD-C46B-4400-8C1B-72AC23658DF9}.Release|Any CPU.ActiveCfg = Release|Any CPU
		{1DE4C5FD-C46B-4400-8C1B-72AC23658DF9}.Release|Any CPU.Build.0 = Release|Any CPU
		{FEA1D225-8D25-4CC8-A7C5-B556B8928630}.Debug|Any CPU.ActiveCfg = Debug|Any CPU
		{FEA1D225-8D25-4CC8-A7C5-B556B8928630}.Debug|Any CPU.Build.0 = Debug|Any CPU
		{FEA1D225-8D25-4CC8-A7C5-B556B8928630}.Release|Any CPU.ActiveCfg = Release|Any CPU
		{FEA1D225-8D25-4CC8-A7C5-B556B8928630}.Release|Any CPU.Build.0 = Release|Any CPU
	EndGlobalSection
	GlobalSection(SolutionProperties) = preSolution
		HideSolutionNode = FALSE
	EndGlobalSection
EndGlobal
